{
  "name": "genai",
  "version": "1.0.0",
  "lockfileVersion": 3,
  "requires": true,
  "packages": {
    "": {
      "name": "genai",
      "version": "1.0.0",
      "license": "ISC",
      "dependencies": {
        "genai": "^0.0.18"
      }
    },
    "node_modules/@types/lodash": {
      "version": "4.17.24",
      "resolved": "https://registry.npmjs.org/@types/lodash/-/lodash-4.17.24.tgz",
      "integrity": "sha512-gIW7lQLZbue7lRSWEFql49QJJWThrTFFeIMJdp3eH4tKoxm1OvEPg02rm4wCCSHS0cL3/Fizimb35b7k8atwsQ==",
      "license": "MIT"
    },
    "node_modules/genai": {
      "version": "0.0.18",
      "resolved": "https://registry.npmjs.org/genai/-/genai-0.0.18.tgz",
      "integrity": "sha512-ukq6PeIqJdlZ21tzZidVVLkQJs8iuhz0G/l2a138qUCcgTpTI/yOMTQb+P6FAMusGxZGVFpIZbLJZOO7q2ayfw==",
      "license": "MIT",
      "dependencies": {
        "@types/lodash": "^4.14.191",
        "lodash": "^4.17.21"
      }
    },
    "node_modules/lodash": {
      "version": "4.17.23",
      "resolved": "https://registry.npmjs.org/lodash/-/lodash-4.17.23.tgz",
      "integrity": "sha512-LgVTMpQtIopCi79SJeDiP0TfWi5CNEc/L/aRdTh3yIvmZXTnheWpKjSZhnvMl8iXbC1tFg9gdHHDMLoV7CnG+w==",
      "license": "MIT"
    }
  }
}
